// !$*UTF8*$!
{
	archiveVersion = 1;
	classes = {
	};
	objectVersion = 50;
	objects = {

/* Begin PBXBuildFile section */
		8800D1E426B6C11800A686FB /* CornerRadiusApp.swift in Sources */ = {isa = PBXBuildFile; fileRef = 8800D1E326B6C11800A686FB /* CornerRadiusApp.swift */; };
		8800D1E626B6C11800A686FB /* ContentView.swift in Sources */ = {isa = PBXBuildFile; fileRef = 8800D1E526B6C11800A686FB /* ContentView.swift */; };
		8800D1E826B6C12000A686FB /* Assets.xcassets in Resources */ = {isa = PBXBuildFile; fileRef = 8800D1E726B6C12000A686FB /* Assets.xcassets */; };
		8800D1EB26B6C12000A686FB /* Preview Assets.xcassets in Resources */ = {isa = PBXBuildFile; fileRef = 8800D1EA26B6C12000A686FB /* Preview Assets.xcassets */; };
		8800D1F526B6C36100A686FB /* Constants.swift in Sources */ = {isa = PBXBuildFile; fileRef = 8800D1F426B6C36100A686FB /* Constants.swift */; };
		8800D1F726B6C37D00A686FB /* RectangleView.swift in Sources */ = {isa = PBXBuildFile; fileRef = 8800D1F626B6C37D00A686FB /* RectangleView.swift */; };
		8800D1F926B6C38D00A686FB /* InputFieldView.swift in Sources */ = {isa = PBXBuildFile; fileRef = 8800D1F826B6C38D00A686FB /* InputFieldView.swift */; };
		8800D1FB26B6C39700A686FB /* ButtonsView.swift in Sources */ = {isa = PBXBuildFile; fileRef = 8800D1FA26B6C39700A686FB /* ButtonsView.swift */; };
		8800D1FD26B6C3CC00A686FB /* BackgroundView.swift in Sources */ = {isa = PBXBuildFile; fileRef = 8800D1FC26B6C3CC00A686FB /* BackgroundView.swift */; };
/* End PBXBuildFile section */

/* Begin PBXFileReference section */
		8800D1E026B6C11800A686FB /* CornerRadius.app */ = {isa = PBXFileReference; explicitFileType = wrapper.application; includeInIndex = 0; path = CornerRadius.app; sourceTree = BUILT_PRODUCTS_DIR; };
		8800D1E326B6C11800A686FB /* CornerRadiusApp.swift */ = {isa = PBXFileReference; lastKnownFileType = sourcecode.swift; path = CornerRadiusApp.swift; sourceTree = "<group>"; };
		8800D1E526B6C11800A686FB /* ContentView.swift */ = {isa = PBXFileReference; lastKnownFileType = sourcecode.swift; path = ContentView.swift; sourceTree = "<group>"; };
		8800D1E726B6C12000A686FB /* Assets.xcassets */ = {isa = PBXFileReference; lastKnownFileType = folder.assetcatalog; path = Assets.xcassets; sourceTree = "<group>"; };
		8800D1EA26B6C12000A686FB /* Preview Assets.xcassets */ = {isa = PBXFileReference; lastKnownFileType = folder.assetcatalog; path = "Preview Assets.xcassets"; sourceTree = "<group>"; };
		8800D1EC26B6C12000A686FB /* Info.plist */ = {isa = PBXFileReference; lastKnownFileType = text.plist.xml; path = Info.plist; sourceTree = "<group>"; };
		8800D1F426B6C36100A686FB /* Constants.swift */ = {isa = PBXFileReference; lastKnownFileType = sourcecode.swift; path = Constants.swift; sourceTree = "<group>"; };
		8800D1F626B6C37D00A686FB /* RectangleView.swift */ = {isa = PBXFileReference; lastKnownFileType = sourcecode.swift; path = RectangleView.swift; sourceTree = "<group>"; };
		8800D1F826B6C38D00A686FB /* InputFieldView.swift */ = {isa = PBXFileReference; lastKnownFileType = sourcecode.swift; path = InputFieldView.swift; sourceTree = "<group>"; };
		8800D1FA26B6C39700A686FB /* ButtonsView.swift */ = {isa = PBXFileReference; lastKnownFileType = sourcecode.swift; path = ButtonsView.swift; sourceTree = "<group>"; };
		8800D1FC26B6C3CC00A686FB /* BackgroundView.swift */ = {isa = PBXFileReference; lastKnownFileType = sourcecode.swift; path = BackgroundView.swift; sourceTree = "<group>"; };
/* End PBXFileReference section */

/* Begin PBXFrameworksBuildPhase section */
		8800D1DD26B6C11800A686FB /* Frameworks */ = {
			isa = PBXFrameworksBuildPhase;
			buildActionMask = 2147483647;
			files = (
			);
			runOnlyForDeploymentPostprocessing = 0;
		};
/* End PBXFrameworksBuildPhase section */

/* Begin PBXGroup section */
		8800D1D726B6C11800A686FB = {
			isa = PBXGroup;
			children = (
				8800D1E226B6C11800A686FB /* CornerRadius */,
				8800D1E126B6C11800A686FB /* Products */,
			);
			sourceTree = "<group>";
		};
		8800D1E126B6C11800A686FB /* Products */ = {
			isa = PBXGroup;
			children = (
				8800D1E026B6C11800A686FB /* CornerRadius.app */,
			);
			name = Products;
			sourceTree = "<group>";
		};
		8800D1E226B6C11800A686FB /* CornerRadius */ = {
			isa = PBXGroup;
			children = (
				8800D1F326B6C34300A686FB /* Models */,
				8800D1F226B6C33C00A686FB /* Views */,
				8800D1E326B6C11800A686FB /* CornerRadiusApp.swift */,
				8800D1E726B6C12000A686FB /* Assets.xcassets */,
				8800D1EC26B6C12000A686FB /* Info.plist */,
				8800D1E926B6C12000A686FB /* Preview Content */,
			);
			path = CornerRadius;
			sourceTree = "<group>";
		};
		8800D1E926B6C12000A686FB /* Preview Content */ = {
			isa = PBXGroup;
			children = (
				8800D1EA26B6C12000A686FB /* Preview Assets.xcassets */,
			);
			path = "Preview Content";
			sourceTree = "<group>";
		};
		8800D1F226B6C33C00A686FB /* Views */ = {
			isa = PBXGroup;
			children = (
				8800D1E526B6C11800A686FB /* ContentView.swift */,
				8800D1FC26B6C3CC00A686FB /* BackgroundView.swift */,
				8800D1F626B6C37D00A686FB /* RectangleView.swift */,
				8800D1F826B6C38D00A686FB /* InputFieldView.swift */,
				8800D1FA26B6C39700A686FB /* ButtonsView.swift */,
			);
			path = Views;
			sourceTree = "<group>";
		};
		8800D1F326B6C34300A686FB /* Models */ = {
			isa = PBXGroup;
			children = (
				8800D1F426B6C36100A686FB /* Constants.swift */,
			);
			path = Models;
			sourceTree = "<group>";
		};
/* End PBXGroup section */

/* Begin PBXNativeTarget section */
		8800D1DF26B6C11800A686FB /* CornerRadius */ = {
			isa = PBXNativeTarget;
			buildConfigurationList = 8800D1EF26B6C12000A686FB /* Build configuration list for PBXNativeTarget "CornerRadius" */;
			buildPhases = (
				8800D1DC26B6C11800A686FB /* Sources */,
				8800D1DD26B6C11800A686FB /* Frameworks */,
				8800D1DE26B6C11800A686FB /* Resources */,
			);
			buildRules = (
			);
			dependencies = (
			);
			name = CornerRadius;
			productName = CornerRadius;
			productReference = 8800D1E026B6C11800A686FB /* CornerRadius.app */;
			productType = "com.apple.product-type.application";
		};
/* End PBXNativeTarget section */

/* Begin PBXProject section */
		8800D1D826B6C11800A686FB /* Project object */ = {
			isa = PBXProject;
			attributes = {
				LastSwiftUpdateCheck = 1250;
				LastUpgradeCheck = 1250;
				TargetAttributes = {
					8800D1DF26B6C11800A686FB = {
						CreatedOnToolsVersion = 12.5.1;
					};
				};
			};
			buildConfigurationList = 8800D1DB26B6C11800A686FB /* Build configuration list for PBXProject "CornerRadius" */;
			compatibilityVersion = "Xcode 9.3";
			developmentRegion = en;
			hasScannedForEncodings = 0;
			knownRegions = (
				en,
				Base,
			);
			mainGroup = 8800D1D726B6C11800A686FB;
			productRefGroup = 8800D1E126B6C11800A686FB /* Products */;
			projectDirPath = "";
			projectRoot = "";
			targets = (
				8800D1DF26B6C11800A686FB /* CornerRadius */,
			);
		};
/* End PBXProject section */

/* Begin PBXResourcesBuildPhase section */
		8800D1DE26B6C11800A686FB /* Resources */ = {
			isa = PBXResourcesBuildPhase;
			buildActionMask = 2147483647;
			files = (
				8800D1EB26B6C12000A686FB /* Preview Assets.xcassets in Resources */,
				8800D1E826B6C12000A686FB /* Assets.xcassets in Resources */,
			);
			runOnlyForDeploymentPostprocessing = 0;
		};
/* End PBXResourcesBuildPhase section */

/* Begin PBXSourcesBuildPhase section */
		8800D1DC26B6C11800A686FB /* Sources */ = {
			isa = PBXSourcesBuildPhase;
			buildActionMask = 2147483647;
			files = (
				8800D1E626B6C11800A686FB /* ContentView.swift in Sources */,
				8800D1E426B6C11800A686FB /* CornerRadiusApp.swift in Sources */,
				8800D1FB26B6C39700A686FB /* ButtonsView.swift in Sources */,
				8800D1FD26B6C3CC00A686FB /* BackgroundView.swift in Sources */,
				8800D1F726B6C37D00A686FB /* RectangleView.swift in Sources */,
				8800D1F926B6C38D00A686FB /* InputFieldView.swift in Sources */,
				8800D1F526B6C36100A686FB /* Constants.swift in Sources */,
			);
			runOnlyForDeploymentPostprocessing = 0;
		};
/* End PBXSourcesBuildPhase section */

/* Begin XCBuildConfiguration section */
		8800D1ED26B6C12000A686FB /* Debug */ = {
			isa = XCBuildConfiguration;
			buildSettings = {
				ALWAYS_SEARCH_USER_PATHS = NO;
				CLANG_ANALYZER_NONNULL = YES;
				CLANG_ANALYZER_NUMBER_OBJECT_CONVERSION = YES_AGGRESSIVE;
				CLANG_CXX_LANGUAGE_STANDARD = "gnu++14";
				CLANG_CXX_LIBRARY = "libc++";
				CLANG_ENABLE_MODULES = YES;
				CLANG_ENABLE_OBJC_ARC = YES;
				CLANG_ENABLE_OBJC_WEAK = YES;
				CLANG_WARN_BLOCK_CAPTURE_AUTORELEASING = YES;
				CLANG_WARN_BOOL_CONVERSION = YES;
				CLANG_WARN_COMMA = YES;
				CLANG_WARN_CONSTANT_CONVERSION = YES;
				CLANG_WARN_DEPRECATED_OBJC_IMPLEMENTATIONS = YES;
				CLANG_WARN_DIRECT_OBJC_ISA_USAGE = YES_ERROR;
				CLANG_WARN_DOCUMENTATION_COMMENTS = YES;
				CLANG_WARN_EMPTY_BODY = YES;
				CLANG_WARN_ENUM_CONVERSION = YES;
				CLANG_WARN_INFINITE_RECURSION = YES;
				CLANG_WARN_INT_CONVERSION = YES;
				CLANG_WARN_NON_LITERAL_NULL_CONVERSION = YES;
				CLANG_WARN_OBJC_IMPLICIT_RETAIN_SELF = YES;
				CLANG_WARN_OBJC_LITERAL_CONVERSION = YES;
				CLANG_WARN_OBJC_ROOT_CLASS = YES_ERROR;
				CLANG_WARN_QUOTED_INCLUDE_IN_FRAMEWORK_HEADER = YES;
				CLANG_WARN_RANGE_LOOP_ANALYSIS = YES;
				CLANG_WARN_STRICT_PROTOTYPES = YES;
				CLANG_WARN_SUSPICIOUS_MOVE = YES;
				CLANG_WARN_UNGUARDED_AVAILABILITY = YES_AGGRESSIVE;
				CLANG_WARN_UNREACHABLE_CODE = YES;
				CLANG_WARN__DUPLICATE_METHOD_MATCH = YES;
				COPY_PHASE_STRIP = NO;
				DEBUG_INFORMATION_FORMAT = dwarf;
				ENABLE_STRICT_OBJC_MSGSEND = YES;
				ENABLE_TESTABILITY = YES;
				GCC_C_LANGUAGE_STANDARD = gnu11;
				GCC_DYNAMIC_NO_PIC = NO;
				GCC_NO_COMMON_BLOCKS = YES;
				GCC_OPTIMIZATION_LEVEL = 0;
				GCC_PREPROCESSOR_DEFINITIONS = (
					"DEBUG=1",
					"$(inherited)",
				);
				GCC_WARN_64_TO_32_BIT_CONVERSION = YES;
				GCC_WARN_ABOUT_RETURN_TYPE = YES_ERROR;
				GCC_WARN_UNDECLARED_SELECTOR = YES;
				GCC_WARN_UNINITIALIZED_AUTOS = YES_AGGRESSIVE;
				GCC_WARN_UNUSED_FUNCTION = YES;
				GCC_WARN_UNUSED_VARIABLE = YES;
				IPHONEOS_DEPLOYMENT_TARGET = 14.5;
				MTL_ENABLE_DEBUG_INFO = INCLUDE_SOURCE;
				MTL_FAST_MATH = YES;
				ONLY_ACTIVE_ARCH = YES;
				SDKROOT = iphoneos;
				SWIFT_ACTIVE_COMPILATION_CONDITIONS = DEBUG;
				SWIFT_OPTIMIZATION_LEVEL = "-Onone";
			};
			name = Debug;
		};
		8800D1EE26B6C12000A686FB /* Release */ = {
			isa = XCBuildConfiguration;
			buildSettings = {
				ALWAYS_SEARCH_USER_PATHS = NO;
				CLANG_ANALYZER_NONNULL = YES;
				CLANG_ANALYZER_NUMBER_OBJECT_CONVERSION = YES_AGGRESSIVE;
				CLANG_CXX_LANGUAGE_STANDARD = "gnu++14";
				CLANG_CXX_LIBRARY = "libc++";
				CLANG_ENABLE_MODULES = YES;
				CLANG_ENABLE_OBJC_ARC = YES;
				CLANG_ENABLE_OBJC_WEAK = YES;
				CLANG_WARN_BLOCK_CAPTURE_AUTORELEASING = YES;
				CLANG_WARN_BOOL_CONVERSION = YES;
				CLANG_WARN_COMMA = YES;
				CLANG_WARN_CONSTANT_CONVERSION = YES;
				CLANG_WARN_DEPRECATED_OBJC_IMPLEMENTATIONS = YES;
				CLANG_WARN_DIRECT_OBJC_ISA_USAGE = YES_ERROR;
				CLANG_WARN_DOCUMENTATION_COMMENTS = YES;
				CLANG_WARN_EMPTY_BODY = YES;
				CLANG_WARN_ENUM_CONVERSION = YES;
				CLANG_WARN_INFINITE_RECURSION = YES;
				CLANG_WARN_INT_CONVERSION = YES;
				CLANG_WARN_NON_LITERAL_NULL_CONVERSION = YES;
				CLANG_WARN_OBJC_IMPLICIT_RETAIN_SELF = YES;
				CLANG_WARN_OBJC_LITERAL_CONVERSION = YES;
				CLANG_WARN_OBJC_ROOT_CLASS = YES_ERROR;
				CLANG_WARN_QUOTED_INCLUDE_IN_FRAMEWORK_HEADER = YES;
				CLANG_WARN_RANGE_LOOP_ANALYSIS = YES;
				CLANG_WARN_STRICT_PROTOTYPES = YES;
				CLANG_WARN_SUSPICIOUS_MOVE = YES;
				CLANG_WARN_UNGUARDED_AVAILABILITY = YES_AGGRESSIVE;
				CLANG_WARN_UNREACHABLE_CODE = YES;
				CLANG_WARN__DUPLICATE_METHOD_MATCH = YES;
				COPY_PHASE_STRIP = NO;
				DEBUG_INFORMATION_FORMAT = "dwarf-with-dsym";
				ENABLE_NS_ASSERTIONS = NO;
				ENABLE_STRICT_OBJC_MSGSEND = YES;
				GCC_C_LANGUAGE_STANDARD = gnu11;
				GCC_NO_COMMON_BLOCKS = YES;
				GCC_WARN_64_TO_32_BIT_CONVERSION = YES;
				GCC_WARN_ABOUT_RETURN_TYPE = YES_ERROR;
				GCC_WARN_UNDECLARED_SELECTOR = YES;
				GCC_WARN_UNINITIALIZED_AUTOS = YES_AGGRESSIVE;
				GCC_WARN_UNUSED_FUNCTION = YES;
				GCC_WARN_UNUSED_VARIABLE = YES;
				IPHONEOS_DEPLOYMENT_TARGET = 14.5;
				MTL_ENABLE_DEBUG_INFO = NO;
				MTL_FAST_MATH = YES;
				SDKROOT = iphoneos;
				SWIFT_COMPILATION_MODE = wholemodule;
				SWIFT_OPTIMIZATION_LEVEL = "-O";
				VALIDATE_PRODUCT = YES;
			};
			name = Release;
		};
		8800D1F026B6C12000A686FB /* Debug */ = {
			isa = XCBuildConfiguration;
			buildSettings = {
				ASSETCATALOG_COMPILER_APPICON_NAME = AppIcon;
				ASSETCATALOG_COMPILER_GLOBAL_ACCENT_COLOR_NAME = AccentColor;
				CODE_SIGN_STYLE = Automatic;
				DEVELOPMENT_ASSET_PATHS = "\"CornerRadius/Preview Content\"";
				DEVELOPMENT_TEAM = 8Y8FFN6N8G;
				ENABLE_PREVIEWS = YES;
				INFOPLIST_FILE = CornerRadius/Info.plist;
				IPHONEOS_DEPLOYMENT_TARGET = 14.0;
				LD_RUNPATH_SEARCH_PATHS = (
					"$(inherited)",
					"@executable_path/Frameworks",
				);
				PRODUCT_BUNDLE_IDENTIFIER = com.jakubkociucki.CornerRadius;
				PRODUCT_NAME = "$(TARGET_NAME)";
				SWIFT_VERSION = 5.0;
				TARGETED_DEVICE_FAMILY = "1,2";
			};
			name = Debug;
		};
		8800D1F126B6C12000A686FB /* Release */ = {
			isa = XCBuildConfiguration;
			buildSettings = {
				ASSETCATALOG_COMPILER_APPICON_NAME = AppIcon;
				ASSETCATALOG_COMPILER_GLOBAL_ACCENT_COLOR_NAME = AccentColor;
				CODE_SIGN_STYLE = Automatic;
				DEVELOPMENT_ASSET_PATHS = "\"CornerRadius/Preview Content\"";
				DEVELOPMENT_TEAM = 8Y8FFN6N8G;
				ENABLE_PREVIEWS = YES;
				INFOPLIST_FILE = CornerRadius/Info.plist;
				IPHONEOS_DEPLOYMENT_TARGET = 14.0;
				LD_RUNPATH_SEARCH_PATHS = (
					"$(inherited)",
					"@executable_path/Frameworks",
				);
				PRODUCT_BUNDLE_IDENTIFIER = com.jakubkociucki.CornerRadius;
				PRODUCT_NAME = "$(TARGET_NAME)";
				SWIFT_VERSION = 5.0;
				TARGETED_DEVICE_FAMILY = "1,2";
			};
			name = Release;
		};
/* End XCBuildConfiguration section */

/* Begin XCConfigurationList section */
		8800D1DB26B6C11800A686FB /* Build configuration list for PBXProject "CornerRadius" */ = {
			isa = XCConfigurationList;
			buildConfigurations = (
				8800D1ED26B6C12000A686FB /* Debug */,
				8800D1EE26B6C12000A686FB /* Release */,
			);
			defaultConfigurationIsVisible = 0;
			defaultConfigurationName = Release;
		};
		8800D1EF26B6C12000A686FB /* Build configuration list for PBXNativeTarget "CornerRadius" */ = {
			isa = XCConfigurationList;
			buildConfigurations = (
				8800D1F026B6C12000A686FB /* Debug */,
				8800D1F126B6C12000A686FB /* Release */,
			);
			defaultConfigurationIsVisible = 0;
			defaultConfigurationName = Release;
		};
/* End XCConfigurationList section */
	};
	rootObject = 8800D1D826B6C11800A686FB /* Project object */;
}
